{
	"name": "@yoki-cli-dev/core",
	"version": "1.0.2",
	"lockfileVersion": 1,
	"requires": true,
	"dependencies": {
		"staging-test": {
			"version": "1.0.3",
			"resolved": "https://registry.npmjs.org/staging-test/-/staging-test-1.0.3.tgz",
			"integrity": "sha512-0Y92k5fKksHe1mHiv34RlsG5FkuRmXe+2C3CZimQiS084ly5Kngl5xP9pAVHez2Dy1wHD6vXEuczhZ8OMH9Obw=="
		}
	}
}
